
Microsoft Visual Studio Solution File, Format Version 12.00
# Visual Studio 15
VisualStudioVersion = 15.0.28307.136
MinimumVisualStudioVersion = 10.0.40219.1
Project("{FAE04EC0-301F-11D3-BF4B-00C04F79EFBC}") = "Redis+Elasticsearch", "Redis+Elasticsearch\Redis+Elasticsearch.csproj", "{C75EF51D-EEC9-4EF5-A039-2C5B233400F5}"
EndProject
Global
	GlobalSection(SolutionConfigurationPlatforms) = preSolution
		Debug|Any CPU = Debug|Any CPU
		Release|Any CPU = Release|Any CPU
	EndGlobalSection
	GlobalSection(ProjectConfigurationPlatforms) = postSolution
		{C75EF51D-EEC9-4EF5-A039-2C5B233400F5}.Debug|Any CPU.ActiveCfg = Debug|Any CPU
		{C75EF51D-EEC9-4EF5-A039-2C5B233400F5}.Debug|Any CPU.Build.0 = Debug|Any CPU
		{C75EF51D-EEC9-4EF5-A039-2C5B233400F5}.Release|Any CPU.ActiveCfg = Release|Any CPU
		{C75EF51D-EEC9-4EF5-A039-2C5B233400F5}.Release|Any CPU.Build.0 = Release|Any CPU
	EndGlobalSection
	GlobalSection(SolutionProperties) = preSolution
		HideSolutionNode = FALSE
	EndGlobalSection
	GlobalSection(ExtensibilityGlobals) = postSolution
		SolutionGuid = {CEEF63C2-6849-49AD-A6E4-E5AAA8158008}
	EndGlobalSection
EndGlobal
